
Microsoft Visual Studio Solution File, Format Version 12.00
# Visual Studio Version 17
VisualStudioVersion = 17.14.36408.4 d17.14
MinimumVisualStudioVersion = 10.0.40219.1
Project("{9A19103F-16F7-4668-BE54-9A1E7A4F7556}") = "PostgresqlTest", "PostgresqlTest.csproj", "{0011FC4C-09BD-46B9-9C7F-5DB4B1C28D09}"
EndProject
Global
	GlobalSection(SolutionConfigurationPlatforms) = preSolution
		Debug|Any CPU = Debug|Any CPU
		Release|Any CPU = Release|Any CPU
	EndGlobalSection
	GlobalSection(ProjectConfigurationPlatforms) = postSolution
		{0011FC4C-09BD-46B9-9C7F-5DB4B1C28D09}.Debug|Any CPU.ActiveCfg = Debug|Any CPU
		{0011FC4C-09BD-46B9-9C7F-5DB4B1C28D09}.Debug|Any CPU.Build.0 = Debug|Any CPU
		{0011FC4C-09BD-46B9-9C7F-5DB4B1C28D09}.Release|Any CPU.ActiveCfg = Release|Any CPU
		{0011FC4C-09BD-46B9-9C7F-5DB4B1C28D09}.Release|Any CPU.Build.0 = Release|Any CPU
	EndGlobalSection
	GlobalSection(SolutionProperties) = preSolution
		HideSolutionNode = FALSE
	EndGlobalSection
	GlobalSection(ExtensibilityGlobals) = postSolution
		SolutionGuid = {E4149888-FC00-48D5-A6A5-E84C2A3F62A4}
	EndGlobalSection
EndGlobal
